
Microsoft Visual Studio Solution File, Format Version 12.00
# Visual Studio Version 16
VisualStudioVersion = 16.0.30717.126
MinimumVisualStudioVersion = 10.0.40219.1
Project("{2150E333-8FDC-42A3-9474-1A3956D46DE8}") = "Microservices", "Microservices", "{08ECD997-7A4F-48D5-B99B-2F66C2CE0320}"
EndProject
Project("{2150E333-8FDC-42A3-9474-1A3956D46DE8}") = "Domain", "Domain", "{EF4A16DD-AB0B-40C7-9CE4-E12B6F6B5ECE}"
EndProject
Project("{2150E333-8FDC-42A3-9474-1A3956D46DE8}") = "Infra.Bus", "Infra.Bus", "{4350E8E4-BFE9-4FEA-9E60-DE0D32BDC753}"
EndProject
Project("{2150E333-8FDC-42A3-9474-1A3956D46DE8}") = "Infra.IoC", "Infra.IoC", "{240D764B-A0B2-44AE-89D0-AFEAF08A8D44}"
EndProject
Project("{2150E333-8FDC-42A3-9474-1A3956D46DE8}") = "Presentation", "Presentation", "{EB5787BF-C290-4851-B552-6657C494F003}"
EndProject
Project("{FAE04EC0-301F-11D3-BF4B-00C04F79EFBC}") = "MicroRabbit.Domain.Core", "MicroRabbit.Domain.Core\MicroRabbit.Domain.Core.csproj", "{B1C36648-1E2A-48FA-A0EC-8DD592245F27}"
EndProject
Global
	GlobalSection(SolutionConfigurationPlatforms) = preSolution
		Debug|Any CPU = Debug|Any CPU
		Release|Any CPU = Release|Any CPU
	EndGlobalSection
	GlobalSection(ProjectConfigurationPlatforms) = postSolution
		{B1C36648-1E2A-48FA-A0EC-8DD592245F27}.Debug|Any CPU.ActiveCfg = Debug|Any CPU
		{B1C36648-1E2A-48FA-A0EC-8DD592245F27}.Debug|Any CPU.Build.0 = Debug|Any CPU
		{B1C36648-1E2A-48FA-A0EC-8DD592245F27}.Release|Any CPU.ActiveCfg = Release|Any CPU
		{B1C36648-1E2A-48FA-A0EC-8DD592245F27}.Release|Any CPU.Build.0 = Release|Any CPU
	EndGlobalSection
	GlobalSection(SolutionProperties) = preSolution
		HideSolutionNode = FALSE
	EndGlobalSection
	GlobalSection(NestedProjects) = preSolution
		{B1C36648-1E2A-48FA-A0EC-8DD592245F27} = {EF4A16DD-AB0B-40C7-9CE4-E12B6F6B5ECE}
	EndGlobalSection
	GlobalSection(ExtensibilityGlobals) = postSolution
		SolutionGuid = {79B918A8-D067-4884-89AE-26ED32EBC975}
	EndGlobalSection
EndGlobal
